
Microsoft Visual Studio Solution File, Format Version 12.00
# Visual Studio 15
VisualStudioVersion = 15.0.26730.10
MinimumVisualStudioVersion = 10.0.40219.1
Project("{FAE04EC0-301F-11D3-BF4B-00C04F79EFBC}") = "HLv1.0.MVC.Lib", "HL.Lib\HLv1.0.MVC.Lib.csproj", "{C2ED2502-B00D-4CA4-B7F1-D31C1BD33FD4}"
EndProject
Project("{FAE04EC0-301F-11D3-BF4B-00C04F79EFBC}") = "HLv1.0.MVC.Website", "HL.Website\HLv1.0.MVC.Website.csproj", "{C83D5107-B6BE-4A52-9416-056F4A0A7070}"
EndProject
Global
	GlobalSection(SolutionConfigurationPlatforms) = preSolution
		Debug|Any CPU = Debug|Any CPU
		Debug|x86 = Debug|x86
		Release|Any CPU = Release|Any CPU
		Release|x86 = Release|x86
	EndGlobalSection
	GlobalSection(ProjectConfigurationPlatforms) = postSolution
		{C2ED2502-B00D-4CA4-B7F1-D31C1BD33FD4}.Debug|Any CPU.ActiveCfg = Debug|Any CPU
		{C2ED2502-B00D-4CA4-B7F1-D31C1BD33FD4}.Debug|Any CPU.Build.0 = Debug|Any CPU
		{C2ED2502-B00D-4CA4-B7F1-D31C1BD33FD4}.Debug|x86.ActiveCfg = Debug|Any CPU
		{C2ED2502-B00D-4CA4-B7F1-D31C1BD33FD4}.Debug|x86.Build.0 = Debug|Any CPU
		{C2ED2502-B00D-4CA4-B7F1-D31C1BD33FD4}.Release|Any CPU.ActiveCfg = Release|Any CPU
		{C2ED2502-B00D-4CA4-B7F1-D31C1BD33FD4}.Release|Any CPU.Build.0 = Release|Any CPU
		{C2ED2502-B00D-4CA4-B7F1-D31C1BD33FD4}.Release|x86.ActiveCfg = Release|Any CPU
		{C2ED2502-B00D-4CA4-B7F1-D31C1BD33FD4}.Release|x86.Build.0 = Release|Any CPU
		{C83D5107-B6BE-4A52-9416-056F4A0A7070}.Debug|Any CPU.ActiveCfg = Debug|Any CPU
		{C83D5107-B6BE-4A52-9416-056F4A0A7070}.Debug|Any CPU.Build.0 = Debug|Any CPU
		{C83D5107-B6BE-4A52-9416-056F4A0A7070}.Debug|x86.ActiveCfg = Debug|Any CPU
		{C83D5107-B6BE-4A52-9416-056F4A0A7070}.Debug|x86.Build.0 = Debug|Any CPU
		{C83D5107-B6BE-4A52-9416-056F4A0A7070}.Release|Any CPU.ActiveCfg = Release|Any CPU
		{C83D5107-B6BE-4A52-9416-056F4A0A7070}.Release|Any CPU.Build.0 = Release|Any CPU
		{C83D5107-B6BE-4A52-9416-056F4A0A7070}.Release|x86.ActiveCfg = Release|Any CPU
		{C83D5107-B6BE-4A52-9416-056F4A0A7070}.Release|x86.Build.0 = Release|Any CPU
	EndGlobalSection
	GlobalSection(SolutionProperties) = preSolution
		HideSolutionNode = FALSE
	EndGlobalSection
	GlobalSection(ExtensibilityGlobals) = postSolution
		SolutionGuid = {B01BC3CF-65AA-4EBE-BAD2-DDB95C6B4319}
	EndGlobalSection
EndGlobal
